
Microsoft Visual Studio Solution File, Format Version 12.00
# Visual Studio Version 16
VisualStudioVersion = 16.0.29230.47
MinimumVisualStudioVersion = 10.0.40219.1
Project("{FAE04EC0-301F-11D3-BF4B-00C04F79EFBC}") = "NREout", "NREout\NREout.csproj", "{0A6C7644-A794-4B56-AE10-F39D9FE34E74}"
EndProject
Global
	GlobalSection(SolutionConfigurationPlatforms) = preSolution
		Debug|Any CPU = Debug|Any CPU
		Release|Any CPU = Release|Any CPU
	EndGlobalSection
	GlobalSection(ProjectConfigurationPlatforms) = postSolution
		{0A6C7644-A794-4B56-AE10-F39D9FE34E74}.Debug|Any CPU.ActiveCfg = Debug|Any CPU
		{0A6C7644-A794-4B56-AE10-F39D9FE34E74}.Debug|Any CPU.Build.0 = Debug|Any CPU
		{0A6C7644-A794-4B56-AE10-F39D9FE34E74}.Release|Any CPU.ActiveCfg = Release|Any CPU
		{0A6C7644-A794-4B56-AE10-F39D9FE34E74}.Release|Any CPU.Build.0 = Release|Any CPU
	EndGlobalSection
	GlobalSection(SolutionProperties) = preSolution
		HideSolutionNode = FALSE
	EndGlobalSection
	GlobalSection(ExtensibilityGlobals) = postSolution
		SolutionGuid = {D9516F00-AE95-47EE-A5F2-56BF0EDE0563}
	EndGlobalSection
EndGlobal
